
Microsoft Visual Studio Solution File, Format Version 12.00
# Visual Studio Version 16
VisualStudioVersion = 25.0.1705.1
MinimumVisualStudioVersion = 10.0.40219.1
Project("{FAE04EC0-301F-11D3-BF4B-00C04F79EFBC}") = "TMA3_1", "TMA3_1\TMA3_1.csproj", "{DAD1CBE2-5199-4590-A600-396636D0835E}"
EndProject
Global
	GlobalSection(SolutionConfigurationPlatforms) = preSolution
		Debug|Any CPU = Debug|Any CPU
		Release|Any CPU = Release|Any CPU
	EndGlobalSection
	GlobalSection(ProjectConfigurationPlatforms) = postSolution
		{DAD1CBE2-5199-4590-A600-396636D0835E}.Debug|Any CPU.ActiveCfg = Debug|Any CPU
		{DAD1CBE2-5199-4590-A600-396636D0835E}.Debug|Any CPU.Build.0 = Debug|Any CPU
		{DAD1CBE2-5199-4590-A600-396636D0835E}.Release|Any CPU.ActiveCfg = Release|Any CPU
		{DAD1CBE2-5199-4590-A600-396636D0835E}.Release|Any CPU.Build.0 = Release|Any CPU
	EndGlobalSection
	GlobalSection(SolutionProperties) = preSolution
		HideSolutionNode = FALSE
	EndGlobalSection
	GlobalSection(ExtensibilityGlobals) = postSolution
		SolutionGuid = {56AFEF46-6EA4-4822-9993-62D248F938FF}
	EndGlobalSection
EndGlobal
